Microsoft Visual Studio Solution File, Format Version 12.00
# Visual Studio Version 17
VisualStudioVersion = 17.5.2.0
MinimumVisualStudioVersion = 10.0.40219.1
Project("{FAE04EC0-301F-11D3-BF4B-00C04F79EFBC}") = "MoviesWeb", "MoviesWeb\MoviesWeb.csproj", "{9FCCE23C-17AB-3DB4-4339-A8C61001CB93}"
EndProject
Global
	GlobalSection(SolutionConfigurationPlatforms) = preSolution
		Debug|Any CPU = Debug|Any CPU
		Release|Any CPU = Release|Any CPU
	EndGlobalSection
	GlobalSection(ProjectConfigurationPlatforms) = postSolution
		{9FCCE23C-17AB-3DB4-4339-A8C61001CB93}.Debug|Any CPU.ActiveCfg = Debug|Any CPU
		{9FCCE23C-17AB-3DB4-4339-A8C61001CB93}.Debug|Any CPU.Build.0 = Debug|Any CPU
		{9FCCE23C-17AB-3DB4-4339-A8C61001CB93}.Release|Any CPU.ActiveCfg = Release|Any CPU
		{9FCCE23C-17AB-3DB4-4339-A8C61001CB93}.Release|Any CPU.Build.0 = Release|Any CPU
	EndGlobalSection
	GlobalSection(SolutionProperties) = preSolution
		HideSolutionNode = FALSE
	EndGlobalSection
	GlobalSection(ExtensibilityGlobals) = postSolution
		SolutionGuid = {4B9C7FD6-EFCD-4D34-A1B8-F70998ADFA44}
	EndGlobalSection
EndGlobal
